
Microsoft Visual Studio Solution File, Format Version 12.00
# Visual Studio Version 17
VisualStudioVersion = 17.7.34221.43
MinimumVisualStudioVersion = 10.0.40219.1
Project("{8BC9CEB8-8B4A-11D0-8D11-00A0C91BC942}") = "lab10.1", "lab10.1.vcxproj", "{804367AB-147D-49E4-888D-FF86312C5A3A}"
EndProject
Project("{8BC9CEB8-8B4A-11D0-8D11-00A0C91BC942}") = "UnitTest1", "UnitTest1\UnitTest1.vcxproj", "{33A6D29F-6BDF-4B18-8C62-314B6696F555}"
EndProject
Global
	GlobalSection(SolutionConfigurationPlatforms) = preSolution
		Debug|x64 = Debug|x64
		Debug|x86 = Debug|x86
		Release|x64 = Release|x64
		Release|x86 = Release|x86
	EndGlobalSection
	GlobalSection(ProjectConfigurationPlatforms) = postSolution
		{804367AB-147D-49E4-888D-FF86312C5A3A}.Debug|x64.ActiveCfg = Debug|x64
		{804367AB-147D-49E4-888D-FF86312C5A3A}.Debug|x64.Build.0 = Debug|x64
		{804367AB-147D-49E4-888D-FF86312C5A3A}.Debug|x86.ActiveCfg = Debug|Win32
		{804367AB-147D-49E4-888D-FF86312C5A3A}.Debug|x86.Build.0 = Debug|Win32
		{804367AB-147D-49E4-888D-FF86312C5A3A}.Release|x64.ActiveCfg = Release|x64
		{804367AB-147D-49E4-888D-FF86312C5A3A}.Release|x64.Build.0 = Release|x64
		{804367AB-147D-49E4-888D-FF86312C5A3A}.Release|x86.ActiveCfg = Release|Win32
		{804367AB-147D-49E4-888D-FF86312C5A3A}.Release|x86.Build.0 = Release|Win32
		{33A6D29F-6BDF-4B18-8C62-314B6696F555}.Debug|x64.ActiveCfg = Debug|x64
		{33A6D29F-6BDF-4B18-8C62-314B6696F555}.Debug|x64.Build.0 = Debug|x64
		{33A6D29F-6BDF-4B18-8C62-314B6696F555}.Debug|x86.ActiveCfg = Debug|Win32
		{33A6D29F-6BDF-4B18-8C62-314B6696F555}.Debug|x86.Build.0 = Debug|Win32
		{33A6D29F-6BDF-4B18-8C62-314B6696F555}.Release|x64.ActiveCfg = Release|x64
		{33A6D29F-6BDF-4B18-8C62-314B6696F555}.Release|x64.Build.0 = Release|x64
		{33A6D29F-6BDF-4B18-8C62-314B6696F555}.Release|x86.ActiveCfg = Release|Win32
		{33A6D29F-6BDF-4B18-8C62-314B6696F555}.Release|x86.Build.0 = Release|Win32
	EndGlobalSection
	GlobalSection(SolutionProperties) = preSolution
		HideSolutionNode = FALSE
	EndGlobalSection
	GlobalSection(ExtensibilityGlobals) = postSolution
		SolutionGuid = {9B54649C-AC16-402C-BEE9-707422C1F00D}
	EndGlobalSection
EndGlobal
